
Microsoft Visual Studio Solution File, Format Version 12.00
# Visual Studio Version 17
VisualStudioVersion = 17.0.31903.59
MinimumVisualStudioVersion = 10.0.40219.1
Project("{2150E333-8FDC-42A3-9474-1A3956D46DE8}") = "src", "src", "{827E0CD3-B72D-47B6-A68D-7590B98EB39B}"
EndProject
Project("{FAE04EC0-301F-11D3-BF4B-00C04F79EFBC}") = "Snafets.TakeItEasy.Api", "src\api\Snafets.TakeItEasy.Api\Snafets.TakeItEasy.Api.csproj", "{2816FCB5-35DD-4C41-B6FC-89908A596CA4}"
EndProject
Project("{FAE04EC0-301F-11D3-BF4B-00C04F79EFBC}") = "Snafets.TakeItEasy.Domain", "src\api\Snafets.TakeItEasy.Domain\Snafets.TakeItEasy.Domain.csproj", "{00FF2A94-C515-4C65-8DB1-584F89792FAC}"
EndProject
Project("{FAE04EC0-301F-11D3-BF4B-00C04F79EFBC}") = "Snafets.TakeItEasy.Application", "src\api\Snafets.TakeItEasy.Application\Snafets.TakeItEasy.Application.csproj", "{4AB10A32-822B-4538-91BB-F331ADC51E18}"
EndProject
Project("{FAE04EC0-301F-11D3-BF4B-00C04F79EFBC}") = "Snafets.TakeItEasy.Persistence", "src\api\Snafets.TakeItEasy.Persistence\Snafets.TakeItEasy.Persistence.csproj", "{B063E522-C9B7-4A54-9079-FA9D0BD6B7F2}"
EndProject
Project("{2150E333-8FDC-42A3-9474-1A3956D46DE8}") = "Tests", "Tests", "{0AB3BF05-4346-4AA6-1389-037BE0695223}"
EndProject
Project("{FAE04EC0-301F-11D3-BF4B-00C04F79EFBC}") = "Snafets.TakeItEasy.UnitTests", "Tests\Snafets.TakeItEasy.UnitTests\Snafets.TakeItEasy.UnitTests.csproj", "{873D6007-97A5-4ED8-A995-B07E71AC5BD2}"
EndProject
Project("{FAE04EC0-301F-11D3-BF4B-00C04F79EFBC}") = "Snafets.TakeItEasy.IntegrationTests", "Tests\Snafets.TakeItEasy.IntegrationTests\Snafets.TakeItEasy.IntegrationTests.csproj", "{2C387216-A60E-4EAE-9C56-DF41E9EAC639}"
EndProject
Global
	GlobalSection(SolutionConfigurationPlatforms) = preSolution
		Debug|Any CPU = Debug|Any CPU
		Debug|x64 = Debug|x64
		Debug|x86 = Debug|x86
		Release|Any CPU = Release|Any CPU
		Release|x64 = Release|x64
		Release|x86 = Release|x86
	EndGlobalSection
	GlobalSection(ProjectConfigurationPlatforms) = postSolution
		{2816FCB5-35DD-4C41-B6FC-89908A596CA4}.Debug|Any CPU.ActiveCfg = Debug|Any CPU
		{2816FCB5-35DD-4C41-B6FC-89908A596CA4}.Debug|Any CPU.Build.0 = Debug|Any CPU
		{2816FCB5-35DD-4C41-B6FC-89908A596CA4}.Debug|x64.ActiveCfg = Debug|Any CPU
		{2816FCB5-35DD-4C41-B6FC-89908A596CA4}.Debug|x64.Build.0 = Debug|Any CPU
		{2816FCB5-35DD-4C41-B6FC-89908A596CA4}.Debug|x86.ActiveCfg = Debug|Any CPU
		{2816FCB5-35DD-4C41-B6FC-89908A596CA4}.Debug|x86.Build.0 = Debug|Any CPU
		{2816FCB5-35DD-4C41-B6FC-89908A596CA4}.Release|Any CPU.ActiveCfg = Release|Any CPU
		{2816FCB5-35DD-4C41-B6FC-89908A596CA4}.Release|Any CPU.Build.0 = Release|Any CPU
		{2816FCB5-35DD-4C41-B6FC-89908A596CA4}.Release|x64.ActiveCfg = Release|Any CPU
		{2816FCB5-35DD-4C41-B6FC-89908A596CA4}.Release|x64.Build.0 = Release|Any CPU
		{2816FCB5-35DD-4C41-B6FC-89908A596CA4}.Release|x86.ActiveCfg = Release|Any CPU
		{2816FCB5-35DD-4C41-B6FC-89908A596CA4}.Release|x86.Build.0 = Release|Any CPU
		{00FF2A94-C515-4C65-8DB1-584F89792FAC}.Debug|Any CPU.ActiveCfg = Debug|Any CPU
		{00FF2A94-C515-4C65-8DB1-584F89792FAC}.Debug|Any CPU.Build.0 = Debug|Any CPU
		{00FF2A94-C515-4C65-8DB1-584F89792FAC}.Debug|x64.ActiveCfg = Debug|Any CPU
		{00FF2A94-C515-4C65-8DB1-584F89792FAC}.Debug|x64.Build.0 = Debug|Any CPU
		{00FF2A94-C515-4C65-8DB1-584F89792FAC}.Debug|x86.ActiveCfg = Debug|Any CPU
		{00FF2A94-C515-4C65-8DB1-584F89792FAC}.Debug|x86.Build.0 = Debug|Any CPU
		{00FF2A94-C515-4C65-8DB1-584F89792FAC}.Release|Any CPU.ActiveCfg = Release|Any CPU
		{00FF2A94-C515-4C65-8DB1-584F89792FAC}.Release|Any CPU.Build.0 = Release|Any CPU
		{00FF2A94-C515-4C65-8DB1-584F89792FAC}.Release|x64.ActiveCfg = Release|Any CPU
		{00FF2A94-C515-4C65-8DB1-584F89792FAC}.Release|x64.Build.0 = Release|Any CPU
		{00FF2A94-C515-4C65-8DB1-584F89792FAC}.Release|x86.ActiveCfg = Release|Any CPU
		{00FF2A94-C515-4C65-8DB1-584F89792FAC}.Release|x86.Build.0 = Release|Any CPU
		{4AB10A32-822B-4538-91BB-F331ADC51E18}.Debug|Any CPU.ActiveCfg = Debug|Any CPU
		{4AB10A32-822B-4538-91BB-F331ADC51E18}.Debug|Any CPU.Build.0 = Debug|Any CPU
		{4AB10A32-822B-4538-91BB-F331ADC51E18}.Debug|x64.ActiveCfg = Debug|Any CPU
		{4AB10A32-822B-4538-91BB-F331ADC51E18}.Debug|x64.Build.0 = Debug|Any CPU
		{4AB10A32-822B-4538-91BB-F331ADC51E18}.Debug|x86.ActiveCfg = Debug|Any CPU
		{4AB10A32-822B-4538-91BB-F331ADC51E18}.Debug|x86.Build.0 = Debug|Any CPU
		{4AB10A32-822B-4538-91BB-F331ADC51E18}.Release|Any CPU.ActiveCfg = Release|Any CPU
		{4AB10A32-822B-4538-91BB-F331ADC51E18}.Release|Any CPU.Build.0 = Release|Any CPU
		{4AB10A32-822B-4538-91BB-F331ADC51E18}.Release|x64.ActiveCfg = Release|Any CPU
		{4AB10A32-822B-4538-91BB-F331ADC51E18}.Release|x64.Build.0 = Release|Any CPU
		{4AB10A32-822B-4538-91BB-F331ADC51E18}.Release|x86.ActiveCfg = Release|Any CPU
		{4AB10A32-822B-4538-91BB-F331ADC51E18}.Release|x86.Build.0 = Release|Any CPU
		{B063E522-C9B7-4A54-9079-FA9D0BD6B7F2}.Debug|Any CPU.ActiveCfg = Debug|Any CPU
		{B063E522-C9B7-4A54-9079-FA9D0BD6B7F2}.Debug|Any CPU.Build.0 = Debug|Any CPU
		{B063E522-C9B7-4A54-9079-FA9D0BD6B7F2}.Debug|x64.ActiveCfg = Debug|Any CPU
		{B063E522-C9B7-4A54-9079-FA9D0BD6B7F2}.Debug|x64.Build.0 = Debug|Any CPU
		{B063E522-C9B7-4A54-9079-FA9D0BD6B7F2}.Debug|x86.ActiveCfg = Debug|Any CPU
		{B063E522-C9B7-4A54-9079-FA9D0BD6B7F2}.Debug|x86.Build.0 = Debug|Any CPU
		{B063E522-C9B7-4A54-9079-FA9D0BD6B7F2}.Release|Any CPU.ActiveCfg = Release|Any CPU
		{B063E522-C9B7-4A54-9079-FA9D0BD6B7F2}.Release|Any CPU.Build.0 = Release|Any CPU
		{B063E522-C9B7-4A54-9079-FA9D0BD6B7F2}.Release|x64.ActiveCfg = Release|Any CPU
		{B063E522-C9B7-4A54-9079-FA9D0BD6B7F2}.Release|x64.Build.0 = Release|Any CPU
		{B063E522-C9B7-4A54-9079-FA9D0BD6B7F2}.Release|x86.ActiveCfg = Release|Any CPU
		{B063E522-C9B7-4A54-9079-FA9D0BD6B7F2}.Release|x86.Build.0 = Release|Any CPU
		{873D6007-97A5-4ED8-A995-B07E71AC5BD2}.Debug|Any CPU.ActiveCfg = Debug|Any CPU
		{873D6007-97A5-4ED8-A995-B07E71AC5BD2}.Debug|Any CPU.Build.0 = Debug|Any CPU
		{873D6007-97A5-4ED8-A995-B07E71AC5BD2}.Debug|x64.ActiveCfg = Debug|Any CPU
		{873D6007-97A5-4ED8-A995-B07E71AC5BD2}.Debug|x64.Build.0 = Debug|Any CPU
		{873D6007-97A5-4ED8-A995-B07E71AC5BD2}.Debug|x86.ActiveCfg = Debug|Any CPU
		{873D6007-97A5-4ED8-A995-B07E71AC5BD2}.Debug|x86.Build.0 = Debug|Any CPU
		{873D6007-97A5-4ED8-A995-B07E71AC5BD2}.Release|Any CPU.ActiveCfg = Release|Any CPU
		{873D6007-97A5-4ED8-A995-B07E71AC5BD2}.Release|Any CPU.Build.0 = Release|Any CPU
		{873D6007-97A5-4ED8-A995-B07E71AC5BD2}.Release|x64.ActiveCfg = Release|Any CPU
		{873D6007-97A5-4ED8-A995-B07E71AC5BD2}.Release|x64.Build.0 = Release|Any CPU
		{873D6007-97A5-4ED8-A995-B07E71AC5BD2}.Release|x86.ActiveCfg = Release|Any CPU
		{873D6007-97A5-4ED8-A995-B07E71AC5BD2}.Release|x86.Build.0 = Release|Any CPU
		{2C387216-A60E-4EAE-9C56-DF41E9EAC639}.Debug|Any CPU.ActiveCfg = Debug|Any CPU
		{2C387216-A60E-4EAE-9C56-DF41E9EAC639}.Debug|Any CPU.Build.0 = Debug|Any CPU
		{2C387216-A60E-4EAE-9C56-DF41E9EAC639}.Debug|x64.ActiveCfg = Debug|Any CPU
		{2C387216-A60E-4EAE-9C56-DF41E9EAC639}.Debug|x64.Build.0 = Debug|Any CPU
		{2C387216-A60E-4EAE-9C56-DF41E9EAC639}.Debug|x86.ActiveCfg = Debug|Any CPU
		{2C387216-A60E-4EAE-9C56-DF41E9EAC639}.Debug|x86.Build.0 = Debug|Any CPU
		{2C387216-A60E-4EAE-9C56-DF41E9EAC639}.Release|Any CPU.ActiveCfg = Release|Any CPU
		{2C387216-A60E-4EAE-9C56-DF41E9EAC639}.Release|Any CPU.Build.0 = Release|Any CPU
		{2C387216-A60E-4EAE-9C56-DF41E9EAC639}.Release|x64.ActiveCfg = Release|Any CPU
		{2C387216-A60E-4EAE-9C56-DF41E9EAC639}.Release|x64.Build.0 = Release|Any CPU
		{2C387216-A60E-4EAE-9C56-DF41E9EAC639}.Release|x86.ActiveCfg = Release|Any CPU
		{2C387216-A60E-4EAE-9C56-DF41E9EAC639}.Release|x86.Build.0 = Release|Any CPU
	EndGlobalSection
	GlobalSection(SolutionProperties) = preSolution
		HideSolutionNode = FALSE
	EndGlobalSection
	GlobalSection(NestedProjects) = preSolution
		{2816FCB5-35DD-4C41-B6FC-89908A596CA4} = {827E0CD3-B72D-47B6-A68D-7590B98EB39B}
		{00FF2A94-C515-4C65-8DB1-584F89792FAC} = {827E0CD3-B72D-47B6-A68D-7590B98EB39B}
		{4AB10A32-822B-4538-91BB-F331ADC51E18} = {827E0CD3-B72D-47B6-A68D-7590B98EB39B}
		{B063E522-C9B7-4A54-9079-FA9D0BD6B7F2} = {827E0CD3-B72D-47B6-A68D-7590B98EB39B}
		{873D6007-97A5-4ED8-A995-B07E71AC5BD2} = {0AB3BF05-4346-4AA6-1389-037BE0695223}
		{2C387216-A60E-4EAE-9C56-DF41E9EAC639} = {0AB3BF05-4346-4AA6-1389-037BE0695223}
	EndGlobalSection
EndGlobal
